// !$*UTF8*$!
{
	archiveVersion = 1;
	classes = {
	};
	objectVersion = 46;
	objects = {

/* Begin PBXBuildFile section */
		CD4371F91A4E0C75004E193C /* AppDelegate.swift in Sources */ = {isa = PBXBuildFile; fileRef = CD4371F81A4E0C75004E193C /* AppDelegate.swift */; };
		CD4371FB1A4E0C75004E193C /* ViewController.swift in Sources */ = {isa = PBXBuildFile; fileRef = CD4371FA1A4E0C75004E193C /* ViewController.swift */; };
		CD4371FE1A4E0C75004E193C /* Main.storyboard in Resources */ = {isa = PBXBuildFile; fileRef = CD4371FC1A4E0C75004E193C /* Main.storyboard */; };
		CD4372001A4E0C75004E193C /* Images.xcassets in Resources */ = {isa = PBXBuildFile; fileRef = CD4371FF1A4E0C75004E193C /* Images.xcassets */; };
		CD4372031A4E0C75004E193C /* LaunchScreen.xib in Resources */ = {isa = PBXBuildFile; fileRef = CD4372011A4E0C75004E193C /* LaunchScreen.xib */; };
		CD43720F1A4E0C75004E193C /* PostcardTests.swift in Sources */ = {isa = PBXBuildFile; fileRef = CD43720E1A4E0C75004E193C /* PostcardTests.swift */; };
/* End PBXBuildFile section */

/* Begin PBXContainerItemProxy section */
		CD4372091A4E0C75004E193C /* PBXContainerItemProxy */ = {
			isa = PBXContainerItemProxy;
			containerPortal = CD4371EB1A4E0C75004E193C /* Project object */;
			proxyType = 1;
			remoteGlobalIDString = CD4371F21A4E0C75004E193C;
			remoteInfo = Postcard;
		};
/* End PBXContainerItemProxy section */

/* Begin PBXFileReference section */
		CD4371F31A4E0C75004E193C /* Postcard.app */ = {isa = PBXFileReference; explicitFileType = wrapper.application; includeInIndex = 0; path = Postcard.app; sourceTree = BUILT_PRODUCTS_DIR; };
		CD4371F71A4E0C75004E193C /* Info.plist */ = {isa = PBXFileReference; lastKnownFileType = text.plist.xml; path = Info.plist; sourceTree = "<group>"; };
		CD4371F81A4E0C75004E193C /* AppDelegate.swift */ = {isa = PBXFileReference; lastKnownFileType = sourcecode.swift; path = AppDelegate.swift; sourceTree = "<group>"; };
		CD4371FA1A4E0C75004E193C /* ViewController.swift */ = {isa = PBXFileReference; lastKnownFileType = sourcecode.swift; path = ViewController.swift; sourceTree = "<group>"; };
		CD4371FD1A4E0C75004E193C /* Base */ = {isa = PBXFileReference; lastKnownFileType = file.storyboard; name = Base; path = Base.lproj/Main.storyboard; sourceTree = "<group>"; };
		CD4371FF1A4E0C75004E193C /* Images.xcassets */ = {isa = PBXFileReference; lastKnownFileType = folder.assetcatalog; path = Images.xcassets; sourceTree = "<group>"; };
		CD4372021A4E0C75004E193C /* Base */ = {isa = PBXFileReference; lastKnownFileType = file.xib; name = Base; path = Base.lproj/LaunchScreen.xib; sourceTree = "<group>"; };
		CD4372081A4E0C75004E193C /* PostcardTests.xctest */ = {isa = PBXFileReference; explicitFileType = wrapper.cfbundle; includeInIndex = 0; path = PostcardTests.xctest; sourceTree = BUILT_PRODUCTS_DIR; };
		CD43720D1A4E0C75004E193C /* Info.plist */ = {isa = PBXFileReference; lastKnownFileType = text.plist.xml; path = Info.plist; sourceTree = "<group>"; };
		CD43720E1A4E0C75004E193C /* PostcardTests.swift */ = {isa = PBXFileReference; lastKnownFileType = sourcecode.swift; path = PostcardTests.swift; sourceTree = "<group>"; };
/* End PBXFileReference section */

/* Begin PBXFrameworksBuildPhase section */
		CD4371F01A4E0C75004E193C /* Frameworks */ = {
			isa = PBXFrameworksBuildPhase;
			buildActionMask = 2147483647;
			files = (
			);
			runOnlyForDeploymentPostprocessing = 0;
		};
		CD4372051A4E0C75004E193C /* Frameworks */ = {
			isa = PBXFrameworksBuildPhase;
			buildActionMask = 2147483647;
			files = (
			);
			runOnlyForDeploymentPostprocessing = 0;
		};
/* End PBXFrameworksBuildPhase section */

/* Begin PBXGroup section */
		CD4371EA1A4E0C75004E193C = {
			isa = PBXGroup;
			children = (
				CD4371F51A4E0C75004E193C /* Postcard */,
				CD43720B1A4E0C75004E193C /* PostcardTests */,
				CD4371F41A4E0C75004E193C /* Products */,
			);
			sourceTree = "<group>";
		};
		CD4371F41A4E0C75004E193C /* Products */ = {
			isa = PBXGroup;
			children = (
				CD4371F31A4E0C75004E193C /* Postcard.app */,
				CD4372081A4E0C75004E193C /* PostcardTests.xctest */,
			);
			name = Products;
			sourceTree = "<group>";
		};
		CD4371F51A4E0C75004E193C /* Postcard */ = {
			isa = PBXGroup;
			children = (
				CD4371F81A4E0C75004E193C /* AppDelegate.swift */,
				CD4371FA1A4E0C75004E193C /* ViewController.swift */,
				CD4371FC1A4E0C75004E193C /* Main.storyboard */,
				CD4371FF1A4E0C75004E193C /* Images.xcassets */,
				CD4372011A4E0C75004E193C /* LaunchScreen.xib */,
				CD4371F61A4E0C75004E193C /* Supporting Files */,
			);
			path = Postcard;
			sourceTree = "<group>";
		};
		CD4371F61A4E0C75004E193C /* Supporting Files */ = {
			isa = PBXGroup;
			children = (
				CD4371F71A4E0C75004E193C /* Info.plist */,
			);
			name = "Supporting Files";
			sourceTree = "<group>";
		};
		CD43720B1A4E0C75004E193C /* PostcardTests */ = {
			isa = PBXGroup;
			children = (
				CD43720E1A4E0C75004E193C /* PostcardTests.swift */,
				CD43720C1A4E0C75004E193C /* Supporting Files */,
			);
			path = PostcardTests;
			sourceTree = "<group>";
		};
		CD43720C1A4E0C75004E193C /* Supporting Files */ = {
			isa = PBXGroup;
			children = (
				CD43720D1A4E0C75004E193C /* Info.plist */,
			);
			name = "Supporting Files";
			sourceTree = "<group>";
		};
/* End PBXGroup section */

/* Begin PBXNativeTarget section */
		CD4371F21A4E0C75004E193C /* Postcard */ = {
			isa = PBXNativeTarget;
			buildConfigurationList = CD4372121A4E0C75004E193C /* Build configuration list for PBXNativeTarget "Postcard" */;
			buildPhases = (
				CD4371EF1A4E0C75004E193C /* Sources */,
				CD4371F01A4E0C75004E193C /* Frameworks */,
				CD4371F11A4E0C75004E193C /* Resources */,
			);
			buildRules = (
			);
			dependencies = (
			);
			name = Postcard;
			productName = Postcard;
			productReference = CD4371F31A4E0C75004E193C /* Postcard.app */;
			productType = "com.apple.product-type.application";
		};
		CD4372071A4E0C75004E193C /* PostcardTests */ = {
			isa = PBXNativeTarget;
			buildConfigurationList = CD4372151A4E0C75004E193C /* Build configuration list for PBXNativeTarget "PostcardTests" */;
			buildPhases = (
				CD4372041A4E0C75004E193C /* Sources */,
				CD4372051A4E0C75004E193C /* Frameworks */,
				CD4372061A4E0C75004E193C /* Resources */,
			);
			buildRules = (
			);
			dependencies = (
				CD43720A1A4E0C75004E193C /* PBXTargetDependency */,
			);
			name = PostcardTests;
			productName = PostcardTests;
			productReference = CD4372081A4E0C75004E193C /* PostcardTests.xctest */;
			productType = "com.apple.product-type.bundle.unit-test";
		};
/* End PBXNativeTarget section */

/* Begin PBXProject section */
		CD4371EB1A4E0C75004E193C /* Project object */ = {
			isa = PBXProject;
			attributes = {
				LastUpgradeCheck = 0610;
				ORGANIZATIONNAME = AVDone;
				TargetAttributes = {
					CD4371F21A4E0C75004E193C = {
						CreatedOnToolsVersion = 6.1.1;
					};
					CD4372071A4E0C75004E193C = {
						CreatedOnToolsVersion = 6.1.1;
						TestTargetID = CD4371F21A4E0C75004E193C;
					};
				};
			};
			buildConfigurationList = CD4371EE1A4E0C75004E193C /* Build configuration list for PBXProject "Postcard" */;
			compatibilityVersion = "Xcode 3.2";
			developmentRegion = English;
			hasScannedForEncodings = 0;
			knownRegions = (
				en,
				Base,
			);
			mainGroup = CD4371EA1A4E0C75004E193C;
			productRefGroup = CD4371F41A4E0C75004E193C /* Products */;
			projectDirPath = "";
			projectRoot = "";
			targets = (
				CD4371F21A4E0C75004E193C /* Postcard */,
				CD4372071A4E0C75004E193C /* PostcardTests */,
			);
		};
/* End PBXProject section */

/* Begin PBXResourcesBuildPhase section */
		CD4371F11A4E0C75004E193C /* Resources */ = {
			isa = PBXResourcesBuildPhase;
			buildActionMask = 2147483647;
			files = (
				CD4371FE1A4E0C75004E193C /* Main.storyboard in Resources */,
				CD4372031A4E0C75004E193C /* LaunchScreen.xib in Resources */,
				CD4372001A4E0C75004E193C /* Images.xcassets in Resources */,
			);
			runOnlyForDeploymentPostprocessing = 0;
		};
		CD4372061A4E0C75004E193C /* Resources */ = {
			isa = PBXResourcesBuildPhase;
			buildActionMask = 2147483647;
			files = (
			);
			runOnlyForDeploymentPostprocessing = 0;
		};
/* End PBXResourcesBuildPhase section */

/* Begin PBXSourcesBuildPhase section */
		CD4371EF1A4E0C75004E193C /* Sources */ = {
			isa = PBXSourcesBuildPhase;
			buildActionMask = 2147483647;
			files = (
				CD4371FB1A4E0C75004E193C /* ViewController.swift in Sources */,
				CD4371F91A4E0C75004E193C /* AppDelegate.swift in Sources */,
			);
			runOnlyForDeploymentPostprocessing = 0;
		};
		CD4372041A4E0C75004E193C /* Sources */ = {
			isa = PBXSourcesBuildPhase;
			buildActionMask = 2147483647;
			files = (
				CD43720F1A4E0C75004E193C /* PostcardTests.swift in Sources */,
			);
			runOnlyForDeploymentPostprocessing = 0;
		};
/* End PBXSourcesBuildPhase section */

/* Begin PBXTargetDependency section */
		CD43720A1A4E0C75004E193C /* PBXTargetDependency */ = {
			isa = PBXTargetDependency;
			target = CD4371F21A4E0C75004E193C /* Postcard */;
			targetProxy = CD4372091A4E0C75004E193C /* PBXContainerItemProxy */;
		};
/* End PBXTargetDependency section */

/* Begin PBXVariantGroup section */
		CD4371FC1A4E0C75004E193C /* Main.storyboard */ = {
			isa = PBXVariantGroup;
			children = (
				CD4371FD1A4E0C75004E193C /* Base */,
			);
			name = Main.storyboard;
			sourceTree = "<group>";
		};
		CD4372011A4E0C75004E193C /* LaunchScreen.xib */ = {
			isa = PBXVariantGroup;
			children = (
				CD4372021A4E0C75004E193C /* Base */,
			);
			name = LaunchScreen.xib;
			sourceTree = "<group>";
		};
/* End PBXVariantGroup section */

/* Begin XCBuildConfiguration section */
		CD4372101A4E0C75004E193C /* Debug */ = {
			isa = XCBuildConfiguration;
			buildSettings = {
				ALWAYS_SEARCH_USER_PATHS = NO;
				CLANG_CXX_LANGUAGE_STANDARD = "gnu++0x";
				CLANG_CXX_LIBRARY = "libc++";
				CLANG_ENABLE_MODULES = YES;
				CLANG_ENABLE_OBJC_ARC = YES;
				CLANG_WARN_BOOL_CONVERSION = YES;
				CLANG_WARN_CONSTANT_CONVERSION = YES;
				CLANG_WARN_DIRECT_OBJC_ISA_USAGE = YES_ERROR;
				CLANG_WARN_EMPTY_BODY = YES;
				CLANG_WARN_ENUM_CONVERSION = YES;
				CLANG_WARN_INT_CONVERSION = YES;
				CLANG_WARN_OBJC_ROOT_CLASS = YES_ERROR;
				CLANG_WARN_UNREACHABLE_CODE = YES;
				CLANG_WARN__DUPLICATE_METHOD_MATCH = YES;
				"CODE_SIGN_IDENTITY[sdk=iphoneos*]" = "iPhone Developer";
				COPY_PHASE_STRIP = NO;
				ENABLE_STRICT_OBJC_MSGSEND = YES;
				GCC_C_LANGUAGE_STANDARD = gnu99;
				GCC_DYNAMIC_NO_PIC = NO;
				GCC_OPTIMIZATION_LEVEL = 0;
				GCC_PREPROCESSOR_DEFINITIONS = (
					"DEBUG=1",
					"$(inherited)",
				);
				GCC_SYMBOLS_PRIVATE_EXTERN = NO;
				GCC_WARN_64_TO_32_BIT_CONVERSION = YES;
				GCC_WARN_ABOUT_RETURN_TYPE = YES_ERROR;
				GCC_WARN_UNDECLARED_SELECTOR = YES;
				GCC_WARN_UNINITIALIZED_AUTOS = YES_AGGRESSIVE;
				GCC_WARN_UNUSED_FUNCTION = YES;
				GCC_WARN_UNUSED_VARIABLE = YES;
				IPHONEOS_DEPLOYMENT_TARGET = 8.1;
				MTL_ENABLE_DEBUG_INFO = YES;
				ONLY_ACTIVE_ARCH = YES;
				SDKROOT = iphoneos;
				SWIFT_OPTIMIZATION_LEVEL = "-Onone";
				TARGETED_DEVICE_FAMILY = "1,2";
			};
			name = Debug;
		};
		CD4372111A4E0C75004E193C /* Release */ = {
			isa = XCBuildConfiguration;
			buildSettings = {
				ALWAYS_SEARCH_USER_PATHS = NO;
				CLANG_CXX_LANGUAGE_STANDARD = "gnu++0x";
				CLANG_CXX_LIBRARY = "libc++";
				CLANG_ENABLE_MODULES = YES;
				CLANG_ENABLE_OBJC_ARC = YES;
				CLANG_WARN_BOOL_CONVERSION = YES;
				CLANG_WARN_CONSTANT_CONVERSION = YES;
				CLANG_WARN_DIRECT_OBJC_ISA_USAGE = YES_ERROR;
				CLANG_WARN_EMPTY_BODY = YES;
				CLANG_WARN_ENUM_CONVERSION = YES;
				CLANG_WARN_INT_CONVERSION = YES;
				CLANG_WARN_OBJC_ROOT_CLASS = YES_ERROR;
				CLANG_WARN_UNREACHABLE_CODE = YES;
				CLANG_WARN__DUPLICATE_METHOD_MATCH = YES;
				"CODE_SIGN_IDENTITY[sdk=iphoneos*]" = "iPhone Developer";
				COPY_PHASE_STRIP = YES;
				ENABLE_NS_ASSERTIONS = NO;
				ENABLE_STRICT_OBJC_MSGSEND = YES;
				GCC_C_LANGUAGE_STANDARD = gnu99;
				GCC_WARN_64_TO_32_BIT_CONVERSION = YES;
				GCC_WARN_ABOUT_RETURN_TYPE = YES_ERROR;
				GCC_WARN_UNDECLARED_SELECTOR = YES;
				GCC_WARN_UNINITIALIZED_AUTOS = YES_AGGRESSIVE;
				GCC_WARN_UNUSED_FUNCTION = YES;
				GCC_WARN_UNUSED_VARIABLE = YES;
				IPHONEOS_DEPLOYMENT_TARGET = 8.1;
				MTL_ENABLE_DEBUG_INFO = NO;
				SDKROOT = iphoneos;
				TARGETED_DEVICE_FAMILY = "1,2";
				VALIDATE_PRODUCT = YES;
			};
			name = Release;
		};
		CD4372131A4E0C75004E193C /* Debug */ = {
			isa = XCBuildConfiguration;
			buildSettings = {
				ASSETCATALOG_COMPILER_APPICON_NAME = AppIcon;
				INFOPLIST_FILE = Postcard/Info.plist;
				LD_RUNPATH_SEARCH_PATHS = "$(inherited) @executable_path/Frameworks";
				PRODUCT_NAME = "$(TARGET_NAME)";
			};
			name = Debug;
		};
		CD4372141A4E0C75004E193C /* Release */ = {
			isa = XCBuildConfiguration;
			buildSettings = {
				ASSETCATALOG_COMPILER_APPICON_NAME = AppIcon;
				INFOPLIST_FILE = Postcard/Info.plist;
				LD_RUNPATH_SEARCH_PATHS = "$(inherited) @executable_path/Frameworks";
				PRODUCT_NAME = "$(TARGET_NAME)";
			};
			name = Release;
		};
		CD4372161A4E0C75004E193C /* Debug */ = {
			isa = XCBuildConfiguration;
			buildSettings = {
				BUNDLE_LOADER = "$(TEST_HOST)";
				FRAMEWORK_SEARCH_PATHS = (
					"$(SDKROOT)/Developer/Library/Frameworks",
					"$(inherited)",
				);
				GCC_PREPROCESSOR_DEFINITIONS = (
					"DEBUG=1",
					"$(inherited)",
				);
				INFOPLIST_FILE = PostcardTests/Info.plist;
				LD_RUNPATH_SEARCH_PATHS = "$(inherited) @executable_path/Frameworks @loader_path/Frameworks";
				PRODUCT_NAME = "$(TARGET_NAME)";
				TEST_HOST = "$(BUILT_PRODUCTS_DIR)/Postcard.app/Postcard";
			};
			name = Debug;
		};
		CD4372171A4E0C75004E193C /* Release */ = {
			isa = XCBuildConfiguration;
			buildSettings = {
				BUNDLE_LOADER = "$(TEST_HOST)";
				FRAMEWORK_SEARCH_PATHS = (
					"$(SDKROOT)/Developer/Library/Frameworks",
					"$(inherited)",
				);
				INFOPLIST_FILE = PostcardTests/Info.plist;
				LD_RUNPATH_SEARCH_PATHS = "$(inherited) @executable_path/Frameworks @loader_path/Frameworks";
				PRODUCT_NAME = "$(TARGET_NAME)";
				TEST_HOST = "$(BUILT_PRODUCTS_DIR)/Postcard.app/Postcard";
			};
			name = Release;
		};
/* End XCBuildConfiguration section */

/* Begin XCConfigurationList section */
		CD4371EE1A4E0C75004E193C /* Build configuration list for PBXProject "Postcard" */ = {
			isa = XCConfigurationList;
			buildConfigurations = (
				CD4372101A4E0C75004E193C /* Debug */,
				CD4372111A4E0C75004E193C /* Release */,
			);
			defaultConfigurationIsVisible = 0;
			defaultConfigurationName = Release;
		};
		CD4372121A4E0C75004E193C /* Build configuration list for PBXNativeTarget "Postcard" */ = {
			isa = XCConfigurationList;
			buildConfigurations = (
				CD4372131A4E0C75004E193C /* Debug */,
				CD4372141A4E0C75004E193C /* Release */,
			);
			defaultConfigurationIsVisible = 0;
		};
		CD4372151A4E0C75004E193C /* Build configuration list for PBXNativeTarget "PostcardTests" */ = {
			isa = XCConfigurationList;
			buildConfigurations = (
				CD4372161A4E0C75004E193C /* Debug */,
				CD4372171A4E0C75004E193C /* Release */,
			);
			defaultConfigurationIsVisible = 0;
		};
/* End XCConfigurationList section */
	};
	rootObject = CD4371EB1A4E0C75004E193C /* Project object */;
}
